
Microsoft Visual Studio Solution File, Format Version 12.00
# Visual Studio 15
VisualStudioVersion = 15.0.28010.2046
MinimumVisualStudioVersion = 10.0.40219.1
Project("{FAE04EC0-301F-11D3-BF4B-00C04F79EFBC}") = "Mokup2", "Mokup2\Mokup2.csproj", "{0C03B316-8542-496A-8B28-807AF98CA17C}"
EndProject
Global
	GlobalSection(SolutionConfigurationPlatforms) = preSolution
		Debug|Any CPU = Debug|Any CPU
		Release|Any CPU = Release|Any CPU
	EndGlobalSection
	GlobalSection(ProjectConfigurationPlatforms) = postSolution
		{0C03B316-8542-496A-8B28-807AF98CA17C}.Debug|Any CPU.ActiveCfg = Debug|Any CPU
		{0C03B316-8542-496A-8B28-807AF98CA17C}.Debug|Any CPU.Build.0 = Debug|Any CPU
		{0C03B316-8542-496A-8B28-807AF98CA17C}.Release|Any CPU.ActiveCfg = Release|Any CPU
		{0C03B316-8542-496A-8B28-807AF98CA17C}.Release|Any CPU.Build.0 = Release|Any CPU
	EndGlobalSection
	GlobalSection(SolutionProperties) = preSolution
		HideSolutionNode = FALSE
	EndGlobalSection
	GlobalSection(ExtensibilityGlobals) = postSolution
		SolutionGuid = {CE96EC6A-A60E-4266-8635-6C35C081607D}
	EndGlobalSection
EndGlobal
